
Microsoft Visual Studio Solution File, Format Version 12.00
# Visual Studio 14
VisualStudioVersion = 14.0.24720.0
MinimumVisualStudioVersion = 10.0.40219.1
Project("{FAE04EC0-301F-11D3-BF4B-00C04F79EFBC}") = "SXB.Droid", "SXB\SXB.Droid\SXB.Droid.csproj", "{EB09F2BB-3180-41AF-8346-AA806824388C}"
EndProject
Project("{FAE04EC0-301F-11D3-BF4B-00C04F79EFBC}") = "SXB.iOS", "SXB\SXB.iOS\SXB.iOS.csproj", "{F889B913-2571-4C8A-A770-5B537CCCE766}"
EndProject
Project("{FAE04EC0-301F-11D3-BF4B-00C04F79EFBC}") = "SXB", "SXB\SXB\SXB.csproj", "{8919057D-8D22-4C31-BC8F-27ABD843B55A}"
EndProject
Global
	GlobalSection(SolutionConfigurationPlatforms) = preSolution
		Ad-Hoc|Any CPU = Ad-Hoc|Any CPU
		Ad-Hoc|ARM = Ad-Hoc|ARM
		Ad-Hoc|iPhone = Ad-Hoc|iPhone
		Ad-Hoc|iPhoneSimulator = Ad-Hoc|iPhoneSimulator
		Ad-Hoc|x64 = Ad-Hoc|x64
		Ad-Hoc|x86 = Ad-Hoc|x86
		AppStore|Any CPU = AppStore|Any CPU
		AppStore|ARM = AppStore|ARM
		AppStore|iPhone = AppStore|iPhone
		AppStore|iPhoneSimulator = AppStore|iPhoneSimulator
		AppStore|x64 = AppStore|x64
		AppStore|x86 = AppStore|x86
		Debug|Any CPU = Debug|Any CPU
		Debug|ARM = Debug|ARM
		Debug|iPhone = Debug|iPhone
		Debug|iPhoneSimulator = Debug|iPhoneSimulator
		Debug|x64 = Debug|x64
		Debug|x86 = Debug|x86
		Release|Any CPU = Release|Any CPU
		Release|ARM = Release|ARM
		Release|iPhone = Release|iPhone
		Release|iPhoneSimulator = Release|iPhoneSimulator
		Release|x64 = Release|x64
		Release|x86 = Release|x86
	EndGlobalSection
	GlobalSection(ProjectConfigurationPlatforms) = postSolution
		{EB09F2BB-3180-41AF-8346-AA806824388C}.Ad-Hoc|Any CPU.ActiveCfg = Release|Any CPU
		{EB09F2BB-3180-41AF-8346-AA806824388C}.Ad-Hoc|Any CPU.Build.0 = Release|Any CPU
		{EB09F2BB-3180-41AF-8346-AA806824388C}.Ad-Hoc|Any CPU.Deploy.0 = Release|Any CPU
		{EB09F2BB-3180-41AF-8346-AA806824388C}.Ad-Hoc|ARM.ActiveCfg = Release|Any CPU
		{EB09F2BB-3180-41AF-8346-AA806824388C}.Ad-Hoc|ARM.Build.0 = Release|Any CPU
		{EB09F2BB-3180-41AF-8346-AA806824388C}.Ad-Hoc|ARM.Deploy.0 = Release|Any CPU
		{EB09F2BB-3180-41AF-8346-AA806824388C}.Ad-Hoc|iPhone.ActiveCfg = Release|Any CPU
		{EB09F2BB-3180-41AF-8346-AA806824388C}.Ad-Hoc|iPhone.Build.0 = Release|Any CPU
		{EB09F2BB-3180-41AF-8346-AA806824388C}.Ad-Hoc|iPhone.Deploy.0 = Release|Any CPU
		{EB09F2BB-3180-41AF-8346-AA806824388C}.Ad-Hoc|iPhoneSimulator.ActiveCfg = Release|Any CPU
		{EB09F2BB-3180-41AF-8346-AA806824388C}.Ad-Hoc|iPhoneSimulator.Build.0 = Release|Any CPU
		{EB09F2BB-3180-41AF-8346-AA806824388C}.Ad-Hoc|iPhoneSimulator.Deploy.0 = Release|Any CPU
		{EB09F2BB-3180-41AF-8346-AA806824388C}.Ad-Hoc|x64.ActiveCfg = Release|Any CPU
		{EB09F2BB-3180-41AF-8346-AA806824388C}.Ad-Hoc|x64.Build.0 = Release|Any CPU
		{EB09F2BB-3180-41AF-8346-AA806824388C}.Ad-Hoc|x64.Deploy.0 = Release|Any CPU
		{EB09F2BB-3180-41AF-8346-AA806824388C}.Ad-Hoc|x86.ActiveCfg = Release|Any CPU
		{EB09F2BB-3180-41AF-8346-AA806824388C}.Ad-Hoc|x86.Build.0 = Release|Any CPU
		{EB09F2BB-3180-41AF-8346-AA806824388C}.Ad-Hoc|x86.Deploy.0 = Release|Any CPU
		{EB09F2BB-3180-41AF-8346-AA806824388C}.AppStore|Any CPU.ActiveCfg = Release|Any CPU
		{EB09F2BB-3180-41AF-8346-AA806824388C}.AppStore|Any CPU.Build.0 = Release|Any CPU
		{EB09F2BB-3180-41AF-8346-AA806824388C}.AppStore|Any CPU.Deploy.0 = Release|Any CPU
		{EB09F2BB-3180-41AF-8346-AA806824388C}.AppStore|ARM.ActiveCfg = Release|Any CPU
		{EB09F2BB-3180-41AF-8346-AA806824388C}.AppStore|ARM.Build.0 = Release|Any CPU
		{EB09F2BB-3180-41AF-8346-AA806824388C}.AppStore|ARM.Deploy.0 = Release|Any CPU
		{EB09F2BB-3180-41AF-8346-AA806824388C}.AppStore|iPhone.ActiveCfg = Release|Any CPU
		{EB09F2BB-3180-41AF-8346-AA806824388C}.AppStore|iPhone.Build.0 = Release|Any CPU
		{EB09F2BB-3180-41AF-8346-AA806824388C}.AppStore|iPhone.Deploy.0 = Release|Any CPU
		{EB09F2BB-3180-41AF-8346-AA806824388C}.AppStore|iPhoneSimulator.ActiveCfg = Release|Any CPU
		{EB09F2BB-3180-41AF-8346-AA806824388C}.AppStore|iPhoneSimulator.Build.0 = Release|Any CPU
		{EB09F2BB-3180-41AF-8346-AA806824388C}.AppStore|iPhoneSimulator.Deploy.0 = Release|Any CPU
		{EB09F2BB-3180-41AF-8346-AA806824388C}.AppStore|x64.ActiveCfg = Release|Any CPU
		{EB09F2BB-3180-41AF-8346-AA806824388C}.AppStore|x64.Build.0 = Release|Any CPU
		{EB09F2BB-3180-41AF-8346-AA806824388C}.AppStore|x64.Deploy.0 = Release|Any CPU
		{EB09F2BB-3180-41AF-8346-AA806824388C}.AppStore|x86.ActiveCfg = Release|Any CPU
		{EB09F2BB-3180-41AF-8346-AA806824388C}.AppStore|x86.Build.0 = Release|Any CPU
		{EB09F2BB-3180-41AF-8346-AA806824388C}.AppStore|x86.Deploy.0 = Release|Any CPU
		{EB09F2BB-3180-41AF-8346-AA806824388C}.Debug|Any CPU.ActiveCfg = Debug|Any CPU
		{EB09F2BB-3180-41AF-8346-AA806824388C}.Debug|Any CPU.Build.0 = Debug|Any CPU
		{EB09F2BB-3180-41AF-8346-AA806824388C}.Debug|Any CPU.Deploy.0 = Debug|Any CPU
		{EB09F2BB-3180-41AF-8346-AA806824388C}.Debug|ARM.ActiveCfg = Debug|Any CPU
		{EB09F2BB-3180-41AF-8346-AA806824388C}.Debug|ARM.Build.0 = Debug|Any CPU
		{EB09F2BB-3180-41AF-8346-AA806824388C}.Debug|ARM.Deploy.0 = Debug|Any CPU
		{EB09F2BB-3180-41AF-8346-AA806824388C}.Debug|iPhone.ActiveCfg = Debug|Any CPU
		{EB09F2BB-3180-41AF-8346-AA806824388C}.Debug|iPhone.Build.0 = Debug|Any CPU
		{EB09F2BB-3180-41AF-8346-AA806824388C}.Debug|iPhone.Deploy.0 = Debug|Any CPU
		{EB09F2BB-3180-41AF-8346-AA806824388C}.Debug|iPhoneSimulator.ActiveCfg = Debug|Any CPU
		{EB09F2BB-3180-41AF-8346-AA806824388C}.Debug|iPhoneSimulator.Build.0 = Debug|Any CPU
		{EB09F2BB-3180-41AF-8346-AA806824388C}.Debug|iPhoneSimulator.Deploy.0 = Debug|Any CPU
		{EB09F2BB-3180-41AF-8346-AA806824388C}.Debug|x64.ActiveCfg = Debug|Any CPU
		{EB09F2BB-3180-41AF-8346-AA806824388C}.Debug|x64.Build.0 = Debug|Any CPU
		{EB09F2BB-3180-41AF-8346-AA806824388C}.Debug|x64.Deploy.0 = Debug|Any CPU
		{EB09F2BB-3180-41AF-8346-AA806824388C}.Debug|x86.ActiveCfg = Debug|Any CPU
		{EB09F2BB-3180-41AF-8346-AA806824388C}.Debug|x86.Build.0 = Debug|Any CPU
		{EB09F2BB-3180-41AF-8346-AA806824388C}.Debug|x86.Deploy.0 = Debug|Any CPU
		{EB09F2BB-3180-41AF-8346-AA806824388C}.Release|Any CPU.ActiveCfg = Release|Any CPU
		{EB09F2BB-3180-41AF-8346-AA806824388C}.Release|Any CPU.Build.0 = Release|Any CPU
		{EB09F2BB-3180-41AF-8346-AA806824388C}.Release|Any CPU.Deploy.0 = Release|Any CPU
		{EB09F2BB-3180-41AF-8346-AA806824388C}.Release|ARM.ActiveCfg = Release|Any CPU
		{EB09F2BB-3180-41AF-8346-AA806824388C}.Release|ARM.Build.0 = Release|Any CPU
		{EB09F2BB-3180-41AF-8346-AA806824388C}.Release|ARM.Deploy.0 = Release|Any CPU
		{EB09F2BB-3180-41AF-8346-AA806824388C}.Release|iPhone.ActiveCfg = Release|Any CPU
		{EB09F2BB-3180-41AF-8346-AA806824388C}.Release|iPhone.Build.0 = Release|Any CPU
		{EB09F2BB-3180-41AF-8346-AA806824388C}.Release|iPhone.Deploy.0 = Release|Any CPU
		{EB09F2BB-3180-41AF-8346-AA806824388C}.Release|iPhoneSimulator.ActiveCfg = Release|Any CPU
		{EB09F2BB-3180-41AF-8346-AA806824388C}.Release|iPhoneSimulator.Build.0 = Release|Any CPU
		{EB09F2BB-3180-41AF-8346-AA806824388C}.Release|iPhoneSimulator.Deploy.0 = Release|Any CPU
		{EB09F2BB-3180-41AF-8346-AA806824388C}.Release|x64.ActiveCfg = Release|Any CPU
		{EB09F2BB-3180-41AF-8346-AA806824388C}.Release|x64.Build.0 = Release|Any CPU
		{EB09F2BB-3180-41AF-8346-AA806824388C}.Release|x64.Deploy.0 = Release|Any CPU
		{EB09F2BB-3180-41AF-8346-AA806824388C}.Release|x86.ActiveCfg = Release|Any CPU
		{EB09F2BB-3180-41AF-8346-AA806824388C}.Release|x86.Build.0 = Release|Any CPU
		{EB09F2BB-3180-41AF-8346-AA806824388C}.Release|x86.Deploy.0 = Release|Any CPU
		{F889B913-2571-4C8A-A770-5B537CCCE766}.Ad-Hoc|Any CPU.ActiveCfg = Ad-Hoc|iPhone
		{F889B913-2571-4C8A-A770-5B537CCCE766}.Ad-Hoc|ARM.ActiveCfg = Ad-Hoc|iPhone
		{F889B913-2571-4C8A-A770-5B537CCCE766}.Ad-Hoc|iPhone.ActiveCfg = Ad-Hoc|iPhone
		{F889B913-2571-4C8A-A770-5B537CCCE766}.Ad-Hoc|iPhone.Build.0 = Ad-Hoc|iPhone
		{F889B913-2571-4C8A-A770-5B537CCCE766}.Ad-Hoc|iPhoneSimulator.ActiveCfg = Ad-Hoc|iPhoneSimulator
		{F889B913-2571-4C8A-A770-5B537CCCE766}.Ad-Hoc|iPhoneSimulator.Build.0 = Ad-Hoc|iPhoneSimulator
		{F889B913-2571-4C8A-A770-5B537CCCE766}.Ad-Hoc|x64.ActiveCfg = Ad-Hoc|iPhone
		{F889B913-2571-4C8A-A770-5B537CCCE766}.Ad-Hoc|x86.ActiveCfg = Ad-Hoc|iPhone
		{F889B913-2571-4C8A-A770-5B537CCCE766}.AppStore|Any CPU.ActiveCfg = AppStore|iPhone
		{F889B913-2571-4C8A-A770-5B537CCCE766}.AppStore|ARM.ActiveCfg = AppStore|iPhone
		{F889B913-2571-4C8A-A770-5B537CCCE766}.AppStore|iPhone.ActiveCfg = AppStore|iPhone
		{F889B913-2571-4C8A-A770-5B537CCCE766}.AppStore|iPhone.Build.0 = AppStore|iPhone
		{F889B913-2571-4C8A-A770-5B537CCCE766}.AppStore|iPhoneSimulator.ActiveCfg = AppStore|iPhoneSimulator
		{F889B913-2571-4C8A-A770-5B537CCCE766}.AppStore|iPhoneSimulator.Build.0 = AppStore|iPhoneSimulator
		{F889B913-2571-4C8A-A770-5B537CCCE766}.AppStore|x64.ActiveCfg = AppStore|iPhone
		{F889B913-2571-4C8A-A770-5B537CCCE766}.AppStore|x86.ActiveCfg = AppStore|iPhone
		{F889B913-2571-4C8A-A770-5B537CCCE766}.Debug|Any CPU.ActiveCfg = Debug|iPhone
		{F889B913-2571-4C8A-A770-5B537CCCE766}.Debug|ARM.ActiveCfg = Debug|iPhone
		{F889B913-2571-4C8A-A770-5B537CCCE766}.Debug|iPhone.ActiveCfg = Debug|iPhone
		{F889B913-2571-4C8A-A770-5B537CCCE766}.Debug|iPhone.Build.0 = Debug|iPhone
		{F889B913-2571-4C8A-A770-5B537CCCE766}.Debug|iPhoneSimulator.ActiveCfg = Debug|iPhoneSimulator
		{F889B913-2571-4C8A-A770-5B537CCCE766}.Debug|iPhoneSimulator.Build.0 = Debug|iPhoneSimulator
		{F889B913-2571-4C8A-A770-5B537CCCE766}.Debug|x64.ActiveCfg = Debug|iPhone
		{F889B913-2571-4C8A-A770-5B537CCCE766}.Debug|x86.ActiveCfg = Debug|iPhone
		{F889B913-2571-4C8A-A770-5B537CCCE766}.Release|Any CPU.ActiveCfg = Release|iPhone
		{F889B913-2571-4C8A-A770-5B537CCCE766}.Release|ARM.ActiveCfg = Release|iPhone
		{F889B913-2571-4C8A-A770-5B537CCCE766}.Release|iPhone.ActiveCfg = Release|iPhone
		{F889B913-2571-4C8A-A770-5B537CCCE766}.Release|iPhone.Build.0 = Release|iPhone
		{F889B913-2571-4C8A-A770-5B537CCCE766}.Release|iPhoneSimulator.ActiveCfg = Release|iPhoneSimulator
		{F889B913-2571-4C8A-A770-5B537CCCE766}.Release|iPhoneSimulator.Build.0 = Release|iPhoneSimulator
		{F889B913-2571-4C8A-A770-5B537CCCE766}.Release|x64.ActiveCfg = Release|iPhone
		{F889B913-2571-4C8A-A770-5B537CCCE766}.Release|x86.ActiveCfg = Release|iPhone
		{8919057D-8D22-4C31-BC8F-27ABD843B55A}.Ad-Hoc|Any CPU.ActiveCfg = Release|Any CPU
		{8919057D-8D22-4C31-BC8F-27ABD843B55A}.Ad-Hoc|Any CPU.Build.0 = Release|Any CPU
		{8919057D-8D22-4C31-BC8F-27ABD843B55A}.Ad-Hoc|ARM.ActiveCfg = Release|Any CPU
		{8919057D-8D22-4C31-BC8F-27ABD843B55A}.Ad-Hoc|ARM.Build.0 = Release|Any CPU
		{8919057D-8D22-4C31-BC8F-27ABD843B55A}.Ad-Hoc|iPhone.ActiveCfg = Release|Any CPU
		{8919057D-8D22-4C31-BC8F-27ABD843B55A}.Ad-Hoc|iPhone.Build.0 = Release|Any CPU
		{8919057D-8D22-4C31-BC8F-27ABD843B55A}.Ad-Hoc|iPhoneSimulator.ActiveCfg = Release|Any CPU
		{8919057D-8D22-4C31-BC8F-27ABD843B55A}.Ad-Hoc|iPhoneSimulator.Build.0 = Release|Any CPU
		{8919057D-8D22-4C31-BC8F-27ABD843B55A}.Ad-Hoc|x64.ActiveCfg = Release|Any CPU
		{8919057D-8D22-4C31-BC8F-27ABD843B55A}.Ad-Hoc|x64.Build.0 = Release|Any CPU
		{8919057D-8D22-4C31-BC8F-27ABD843B55A}.Ad-Hoc|x86.ActiveCfg = Release|Any CPU
		{8919057D-8D22-4C31-BC8F-27ABD843B55A}.Ad-Hoc|x86.Build.0 = Release|Any CPU
		{8919057D-8D22-4C31-BC8F-27ABD843B55A}.AppStore|Any CPU.ActiveCfg = Release|Any CPU
		{8919057D-8D22-4C31-BC8F-27ABD843B55A}.AppStore|Any CPU.Build.0 = Release|Any CPU
		{8919057D-8D22-4C31-BC8F-27ABD843B55A}.AppStore|ARM.ActiveCfg = Release|Any CPU
		{8919057D-8D22-4C31-BC8F-27ABD843B55A}.AppStore|ARM.Build.0 = Release|Any CPU
		{8919057D-8D22-4C31-BC8F-27ABD843B55A}.AppStore|iPhone.ActiveCfg = Release|Any CPU
		{8919057D-8D22-4C31-BC8F-27ABD843B55A}.AppStore|iPhone.Build.0 = Release|Any CPU
		{8919057D-8D22-4C31-BC8F-27ABD843B55A}.AppStore|iPhoneSimulator.ActiveCfg = Release|Any CPU
		{8919057D-8D22-4C31-BC8F-27ABD843B55A}.AppStore|iPhoneSimulator.Build.0 = Release|Any CPU
		{8919057D-8D22-4C31-BC8F-27ABD843B55A}.AppStore|x64.ActiveCfg = Release|Any CPU
		{8919057D-8D22-4C31-BC8F-27ABD843B55A}.AppStore|x64.Build.0 = Release|Any CPU
		{8919057D-8D22-4C31-BC8F-27ABD843B55A}.AppStore|x86.ActiveCfg = Release|Any CPU
		{8919057D-8D22-4C31-BC8F-27ABD843B55A}.AppStore|x86.Build.0 = Release|Any CPU
		{8919057D-8D22-4C31-BC8F-27ABD843B55A}.Debug|Any CPU.ActiveCfg = Debug|Any CPU
		{8919057D-8D22-4C31-BC8F-27ABD843B55A}.Debug|Any CPU.Build.0 = Debug|Any CPU
		{8919057D-8D22-4C31-BC8F-27ABD843B55A}.Debug|ARM.ActiveCfg = Debug|Any CPU
		{8919057D-8D22-4C31-BC8F-27ABD843B55A}.Debug|ARM.Build.0 = Debug|Any CPU
		{8919057D-8D22-4C31-BC8F-27ABD843B55A}.Debug|iPhone.ActiveCfg = Debug|Any CPU
		{8919057D-8D22-4C31-BC8F-27ABD843B55A}.Debug|iPhone.Build.0 = Debug|Any CPU
		{8919057D-8D22-4C31-BC8F-27ABD843B55A}.Debug|iPhoneSimulator.ActiveCfg = Debug|Any CPU
		{8919057D-8D22-4C31-BC8F-27ABD843B55A}.Debug|iPhoneSimulator.Build.0 = Debug|Any CPU
		{8919057D-8D22-4C31-BC8F-27ABD843B55A}.Debug|x64.ActiveCfg = Debug|Any CPU
		{8919057D-8D22-4C31-BC8F-27ABD843B55A}.Debug|x64.Build.0 = Debug|Any CPU
		{8919057D-8D22-4C31-BC8F-27ABD843B55A}.Debug|x86.ActiveCfg = Debug|Any CPU
		{8919057D-8D22-4C31-BC8F-27ABD843B55A}.Debug|x86.Build.0 = Debug|Any CPU
		{8919057D-8D22-4C31-BC8F-27ABD843B55A}.Release|Any CPU.ActiveCfg = Release|Any CPU
		{8919057D-8D22-4C31-BC8F-27ABD843B55A}.Release|Any CPU.Build.0 = Release|Any CPU
		{8919057D-8D22-4C31-BC8F-27ABD843B55A}.Release|ARM.ActiveCfg = Release|Any CPU
		{8919057D-8D22-4C31-BC8F-27ABD843B55A}.Release|ARM.Build.0 = Release|Any CPU
		{8919057D-8D22-4C31-BC8F-27ABD843B55A}.Release|iPhone.ActiveCfg = Release|Any CPU
		{8919057D-8D22-4C31-BC8F-27ABD843B55A}.Release|iPhone.Build.0 = Release|Any CPU
		{8919057D-8D22-4C31-BC8F-27ABD843B55A}.Release|iPhoneSimulator.ActiveCfg = Release|Any CPU
		{8919057D-8D22-4C31-BC8F-27ABD843B55A}.Release|iPhoneSimulator.Build.0 = Release|Any CPU
		{8919057D-8D22-4C31-BC8F-27ABD843B55A}.Release|x64.ActiveCfg = Release|Any CPU
		{8919057D-8D22-4C31-BC8F-27ABD843B55A}.Release|x64.Build.0 = Release|Any CPU
		{8919057D-8D22-4C31-BC8F-27ABD843B55A}.Release|x86.ActiveCfg = Release|Any CPU
		{8919057D-8D22-4C31-BC8F-27ABD843B55A}.Release|x86.Build.0 = Release|Any CPU
	EndGlobalSection
	GlobalSection(SolutionProperties) = preSolution
		HideSolutionNode = FALSE
	EndGlobalSection
EndGlobal
